
Microsoft Visual Studio Solution File, Format Version 12.00
# Visual Studio 15
VisualStudioVersion = 15.0.27004.2009
MinimumVisualStudioVersion = 10.0.40219.1
Project("{FAE04EC0-301F-11D3-BF4B-00C04F79EFBC}") = "Labs_Zach_info", "WindowsFormsApp1\Labs_Zach_info.csproj", "{5A09CC0B-E6FA-4C2C-9E4D-CF34323C020F}"
EndProject
Global
	GlobalSection(SolutionConfigurationPlatforms) = preSolution
		Debug|Any CPU = Debug|Any CPU
		Release|Any CPU = Release|Any CPU
	EndGlobalSection
	GlobalSection(ProjectConfigurationPlatforms) = postSolution
		{5A09CC0B-E6FA-4C2C-9E4D-CF34323C020F}.Debug|Any CPU.ActiveCfg = Debug|Any CPU
		{5A09CC0B-E6FA-4C2C-9E4D-CF34323C020F}.Debug|Any CPU.Build.0 = Debug|Any CPU
		{5A09CC0B-E6FA-4C2C-9E4D-CF34323C020F}.Release|Any CPU.ActiveCfg = Release|Any CPU
		{5A09CC0B-E6FA-4C2C-9E4D-CF34323C020F}.Release|Any CPU.Build.0 = Release|Any CPU
	EndGlobalSection
	GlobalSection(SolutionProperties) = preSolution
		HideSolutionNode = FALSE
	EndGlobalSection
	GlobalSection(ExtensibilityGlobals) = postSolution
		SolutionGuid = {D64D9FA6-FC09-49E6-B556-78A26A83E13E}
	EndGlobalSection
EndGlobal
